
Microsoft Visual Studio Solution File, Format Version 12.00
# Visual Studio 2012
Project("{FAE04EC0-301F-11D3-BF4B-00C04F79EFBC}") = "whatsopen.webapi", "whatsopen.webapi\whatsopen.webapi.csproj", "{E75D78BF-831C-414F-8D64-0F43EE557ACA}"
EndProject
Project("{CC5FD16D-436D-48AD-A40C-5A424C6E3E79}") = "whatsopen.webapi.Azure", "whatsopen.webapi.Azure\whatsopen.webapi.Azure.ccproj", "{AC4B26BF-53F2-428E-8E22-85490104A5E2}"
EndProject
Global
	GlobalSection(SolutionConfigurationPlatforms) = preSolution
		Debug|Any CPU = Debug|Any CPU
		Release|Any CPU = Release|Any CPU
	EndGlobalSection
	GlobalSection(ProjectConfigurationPlatforms) = postSolution
		{E75D78BF-831C-414F-8D64-0F43EE557ACA}.Debug|Any CPU.ActiveCfg = Debug|Any CPU
		{E75D78BF-831C-414F-8D64-0F43EE557ACA}.Debug|Any CPU.Build.0 = Debug|Any CPU
		{E75D78BF-831C-414F-8D64-0F43EE557ACA}.Release|Any CPU.ActiveCfg = Release|Any CPU
		{E75D78BF-831C-414F-8D64-0F43EE557ACA}.Release|Any CPU.Build.0 = Release|Any CPU
		{AC4B26BF-53F2-428E-8E22-85490104A5E2}.Debug|Any CPU.ActiveCfg = Debug|Any CPU
		{AC4B26BF-53F2-428E-8E22-85490104A5E2}.Debug|Any CPU.Build.0 = Debug|Any CPU
		{AC4B26BF-53F2-428E-8E22-85490104A5E2}.Release|Any CPU.ActiveCfg = Release|Any CPU
		{AC4B26BF-53F2-428E-8E22-85490104A5E2}.Release|Any CPU.Build.0 = Release|Any CPU
	EndGlobalSection
	GlobalSection(SolutionProperties) = preSolution
		HideSolutionNode = FALSE
	EndGlobalSection
EndGlobal
